{
  "name": "enb-headless-chrome-testing",
  "version": "1.0.0",
  "lockfileVersion": 1,
  "requires": true,
  "dependencies": {
    "agent-base": {
      "version": "4.1.1",
      "resolved": "https://registry.npmjs.org/agent-base/-/agent-base-4.1.1.tgz",
      "integrity": "sha512-yWGUUmCZD/33IRjG2It94PzixT8lX+47Uq8fjmd0cgQWITCMrJuXFaVIMnGDmDnZGGKAGdwTx8UGeU8lMR2urA==",
      "requires": {
        "es6-promisify": "5.0.0"
      }
    },
    "ansi-regex": {
      "version": "http://storage.mds.yandex.net/get-npm/66641/ansi-regex-2.1.1.tgz",
      "integrity": "sha1-w7M6te42DYbg5ijwRorn7yfWVN8="
    },
    "ansi-styles": {
      "version": "http://storage.mds.yandex.net/get-npm/35308/ansi-styles-2.2.1.tgz",
      "integrity": "sha1-tDLdM1i2NM914eRmQ2gkBTPB3b4="
    },
    "args": {
      "version": "3.0.7",
      "resolved": "https://registry.npmjs.org/args/-/args-3.0.7.tgz",
      "integrity": "sha512-OQDwfEHYshaeRbbXa7WKIpLmxXrLvHTQ8pcyyH/CoR8Y8v/SjaFYI3d7nQA6xZTM4p6xC7KPVGRDmp8gXLsUcQ==",
      "requires": {
        "camelcase": "4.1.0",
        "chalk": "2.1.0",
        "mri": "1.1.0",
        "pkginfo": "0.4.1",
        "string-similarity": "1.2.0"
      },
      "dependencies": {
        "ansi-styles": {
          "version": "3.2.0",
          "resolved": "https://registry.npmjs.org/ansi-styles/-/ansi-styles-3.2.0.tgz",
          "integrity": "sha512-NnSOmMEYtVR2JVMIGTzynRkkaxtiq1xnFBcdQD/DnNCYPoEPsVJhM98BDyaoNOQIi7p4okdi3E27eN7GQbsUug==",
          "requires": {
            "color-convert": "1.9.0"
          }
        },
        "chalk": {
          "version": "2.1.0",
          "resolved": "https://registry.npmjs.org/chalk/-/chalk-2.1.0.tgz",
          "integrity": "sha512-LUHGS/dge4ujbXMJrnihYMcL4AoOweGnw9Tp3kQuqy1Kx5c1qKjqvMJZ6nVJPMWJtKCTN72ZogH3oeSO9g9rXQ==",
          "requires": {
            "ansi-styles": "3.2.0",
            "escape-string-regexp": "http://storage.mds.yandex.net/get-npm/38095/escape-string-regexp-1.0.5.tgz",
            "supports-color": "4.4.0"
          }
        },
        "supports-color": {
          "version": "4.4.0",
          "resolved": "https://registry.npmjs.org/supports-color/-/supports-color-4.4.0.tgz",
          "integrity": "sha512-rKC3+DyXWgK0ZLKwmRsrkyHVZAjNkfzeehuFWdGGcqGDTZFH73+RH6S/RDAAxl9GusSjZSUWYLmT9N5pzXFOXQ==",
          "requires": {
            "has-flag": "2.0.0"
          }
        }
      }
    },
    "assertion-error": {
      "version": "http://storage.mds.yandex.net/get-npm/38095/assertion-error-1.0.2.tgz",
      "integrity": "sha1-E8pRXYYgbaC6xm6DTdOX2HWBCUw=",
      "dev": true
    },
    "async-limiter": {
      "version": "1.0.0",
      "resolved": "https://registry.npmjs.org/async-limiter/-/async-limiter-1.0.0.tgz",
      "integrity": "sha512-jp/uFnooOiO+L211eZOoSyzpOITMXx1rBITauYykG3BRYPu8h0UcxsPNB04RR5vo4Tyz3+ay17tR6JVf9qzYWg=="
    },
    "atob": {
      "version": "http://storage.mds.yandex.net/get-npm/69187/atob-2.0.0.tgz",
      "integrity": "sha1-/mVCPDHd088cuu7ssHidKdX/6/k="
    },
    "balanced-match": {
      "version": "http://storage.mds.yandex.net/get-npm/38095/balanced-match-1.0.0.tgz",
      "integrity": "sha1-ibTRmasr7kneFk6gK4nORi1xt2c="
    },
    "brace-expansion": {
      "version": "http://storage.mds.yandex.net/get-npm/38095/brace-expansion-1.1.8.tgz",
      "integrity": "sha1-wHshHHyVLsH479Uad+8NHTmQopI=",
      "requires": {
        "balanced-match": "http://storage.mds.yandex.net/get-npm/38095/balanced-match-1.0.0.tgz",
        "concat-map": "https://registry.npmjs.org/concat-map/-/concat-map-0.0.1.tgz"
      }
    },
    "browser-stdout": {
      "version": "https://registry.npmjs.org/browser-stdout/-/browser-stdout-1.3.0.tgz",
      "integrity": "sha1-81HTKWnTL6XXpVZxVCY9korjvR8=",
      "dev": true
    },
    "btoa": {
      "version": "http://storage.mds.yandex.net/get-npm/45674/btoa-1.1.2.tgz",
      "integrity": "sha1-PkC4FmP4HS3WWWpMtxSo3BbPq+A="
    },
    "caller-path": {
      "version": "http://storage.mds.yandex.net/get-npm/38095/caller-path-0.1.0.tgz",
      "integrity": "sha1-lAhe9jWB7NPaqSREqP6U6CV3dR8=",
      "requires": {
        "callsites": "http://storage.mds.yandex.net/get-npm/45674/callsites-0.2.0.tgz"
      }
    },
    "callsites": {
      "version": "http://storage.mds.yandex.net/get-npm/45674/callsites-0.2.0.tgz",
      "integrity": "sha1-r6uWJikQp/M8GaV3WCXGnzTjUMo="
    },
    "camelcase": {
      "version": "4.1.0",
      "resolved": "https://registry.npmjs.org/camelcase/-/camelcase-4.1.0.tgz",
      "integrity": "sha1-1UVjW+HjPFQmScaRc+Xeas+uNN0="
    },
    "chai": {
      "version": "https://registry.npmjs.org/chai/-/chai-4.1.2.tgz",
      "integrity": "sha1-D2RYS6ZC8PKs4oBiefTwbKI61zw=",
      "dev": true,
      "requires": {
        "assertion-error": "http://storage.mds.yandex.net/get-npm/38095/assertion-error-1.0.2.tgz",
        "check-error": "https://registry.npmjs.org/check-error/-/check-error-1.0.2.tgz",
        "deep-eql": "https://registry.npmjs.org/deep-eql/-/deep-eql-3.0.1.tgz",
        "get-func-name": "https://registry.npmjs.org/get-func-name/-/get-func-name-2.0.0.tgz",
        "pathval": "https://registry.npmjs.org/pathval/-/pathval-1.1.0.tgz",
        "type-detect": "http://storage.mds.yandex.net/get-npm/69187/type-detect-4.0.3.tgz"
      }
    },
    "chalk": {
      "version": "http://storage.mds.yandex.net/get-npm/35308/chalk-1.1.3.tgz",
      "integrity": "sha1-qBFcVeSnAv5NFQq9OHKCKn4J/Jg=",
      "requires": {
        "ansi-styles": "http://storage.mds.yandex.net/get-npm/35308/ansi-styles-2.2.1.tgz",
        "escape-string-regexp": "http://storage.mds.yandex.net/get-npm/38095/escape-string-regexp-1.0.5.tgz",
        "has-ansi": "http://storage.mds.yandex.net/get-npm/66641/has-ansi-2.0.0.tgz",
        "strip-ansi": "http://storage.mds.yandex.net/get-npm/38095/strip-ansi-3.0.1.tgz",
        "supports-color": "http://storage.mds.yandex.net/get-npm/69187/supports-color-2.0.0.tgz"
      }
    },
    "check-error": {
      "version": "https://registry.npmjs.org/check-error/-/check-error-1.0.2.tgz",
      "integrity": "sha1-V00xLt2Iu13YkS6Sht1sCu1KrII=",
      "dev": true
    },
    "clear-require": {
      "version": "http://storage.mds.yandex.net/get-npm/35308/clear-require-1.0.1.tgz",
      "integrity": "sha1-X+/mPx9XhpmgSbWF0xNq0qoPrX8=",
      "requires": {
        "caller-path": "http://storage.mds.yandex.net/get-npm/38095/caller-path-0.1.0.tgz",
        "resolve-from": "http://storage.mds.yandex.net/get-npm/66641/resolve-from-1.0.1.tgz"
      }
    },
    "cli-table": {
      "version": "http://storage.mds.yandex.net/get-npm/45674/cli-table-0.3.1.tgz",
      "integrity": "sha1-9TsFJmqLGguTSz0IIebi3FkUriM=",
      "requires": {
        "colors": "http://storage.mds.yandex.net/get-npm/69187/colors-1.0.3.tgz"
      }
    },
    "color-convert": {
      "version": "1.9.0",
      "resolved": "https://registry.npmjs.org/color-convert/-/color-convert-1.9.0.tgz",
      "integrity": "sha1-Gsz5fdc5uYO/mU1W/sj5WFNkG3o=",
      "requires": {
        "color-name": "1.1.3"
      }
    },
    "color-name": {
      "version": "1.1.3",
      "resolved": "https://registry.npmjs.org/color-name/-/color-name-1.1.3.tgz",
      "integrity": "sha1-p9BVi9icQveV3UIyj3QIMcpTvCU="
    },
    "colors": {
      "version": "http://storage.mds.yandex.net/get-npm/69187/colors-1.0.3.tgz",
      "integrity": "sha1-BDP0TYCWgP3rYO0mDxsMJi6CpAs="
    },
    "commander": {
      "version": "http://storage.mds.yandex.net/get-npm/38095/commander-2.9.0.tgz",
      "integrity": "sha1-nJkJQXbhIkDLItbFFGCYQA/g99Q=",
      "requires": {
        "graceful-readlink": "http://storage.mds.yandex.net/get-npm/38095/graceful-readlink-1.0.1.tgz"
      }
    },
    "concat-map": {
      "version": "https://registry.npmjs.org/concat-map/-/concat-map-0.0.1.tgz",
      "integrity": "sha1-2Klr13/Wjfd5OnMDajug1UBdR3s="
    },
    "concat-stream": {
      "version": "1.6.0",
      "resolved": "https://registry.npmjs.org/concat-stream/-/concat-stream-1.6.0.tgz",
      "integrity": "sha1-CqxmL9Ur54lk1VMvaUeE5wEQrPc=",
      "requires": {
        "inherits": "http://storage.mds.yandex.net/get-npm/45674/inherits-2.0.3.tgz",
        "readable-stream": "2.3.3",
        "typedarray": "0.0.6"
      }
    },
    "connect": {
      "version": "https://registry.npmjs.org/connect/-/connect-3.5.0.tgz",
      "integrity": "sha1-s1dSWgtMH1BZnNmD4dnv7qlncZg=",
      "requires": {
        "debug": "http://storage.mds.yandex.net/get-npm/66641/debug-2.2.0.tgz",
        "finalhandler": "https://registry.npmjs.org/finalhandler/-/finalhandler-0.5.0.tgz",
        "parseurl": "https://registry.npmjs.org/parseurl/-/parseurl-1.3.2.tgz",
        "utils-merge": "http://storage.mds.yandex.net/get-npm/35308/utils-merge-1.0.0.tgz"
      }
    },
    "core-util-is": {
      "version": "1.0.2",
      "resolved": "https://registry.npmjs.org/core-util-is/-/core-util-is-1.0.2.tgz",
      "integrity": "sha1-tf1UIgqivFq1eqtxQMlAdUUDwac="
    },
    "debug": {
      "version": "http://storage.mds.yandex.net/get-npm/66641/debug-2.2.0.tgz",
      "integrity": "sha1-+HBX6ZWxofauaklgZkE3vFbwOdo=",
      "requires": {
        "ms": "http://storage.mds.yandex.net/get-npm/45674/ms-0.7.1.tgz"
      }
    },
    "deep-eql": {
      "version": "https://registry.npmjs.org/deep-eql/-/deep-eql-3.0.1.tgz",
      "integrity": "sha1-38lARACtHI/gI+faHfHBR8S0RN8=",
      "dev": true,
      "requires": {
        "type-detect": "http://storage.mds.yandex.net/get-npm/69187/type-detect-4.0.3.tgz"
      }
    },
    "depd": {
      "version": "http://storage.mds.yandex.net/get-npm/66641/depd-1.1.1.tgz",
      "integrity": "sha1-V4O04cRZ8G+lyif5kfPQbnoxA1k="
    },
    "destroy": {
      "version": "http://storage.mds.yandex.net/get-npm/35308/destroy-1.0.4.tgz",
      "integrity": "sha1-l4hXRCxEdJ5CBmE+N5RiBYJqvYA="
    },
    "diff": {
      "version": "https://registry.npmjs.org/diff/-/diff-3.2.0.tgz",
      "integrity": "sha1-yc45Okt8vQsFinJck98pkCeGj/k=",
      "dev": true
    },
    "ee-first": {
      "version": "http://storage.mds.yandex.net/get-npm/66641/ee-first-1.1.1.tgz",
      "integrity": "sha1-WQxhFWsK4vTwJVcyoViyZrxWsh0="
    },
    "enb": {
      "version": "https://registry.npmjs.org/enb/-/enb-1.5.1.tgz",
      "integrity": "sha1-4KX4DfrayOVwDATB0jsZkK/1Tis=",
      "requires": {
        "chalk": "http://storage.mds.yandex.net/get-npm/35308/chalk-1.1.3.tgz",
        "clear-require": "http://storage.mds.yandex.net/get-npm/35308/clear-require-1.0.1.tgz",
        "cli-table": "http://storage.mds.yandex.net/get-npm/45674/cli-table-0.3.1.tgz",
        "commander": "http://storage.mds.yandex.net/get-npm/38095/commander-2.9.0.tgz",
        "connect": "https://registry.npmjs.org/connect/-/connect-3.5.0.tgz",
        "enb-async-require": "http://storage.mds.yandex.net/get-npm/35308/enb-async-require-1.0.1.tgz",
        "enb-require-or-eval": "http://storage.mds.yandex.net/get-npm/35308/enb-require-or-eval-1.0.2.tgz",
        "enb-source-map": "http://storage.mds.yandex.net/get-npm/69187/enb-source-map-1.9.0.tgz",
        "glob": "https://registry.npmjs.org/glob/-/glob-7.1.1.tgz",
        "inherit": "http://storage.mds.yandex.net/get-npm/45674/inherit-2.2.6.tgz",
        "lodash": "https://registry.npmjs.org/lodash/-/lodash-4.16.6.tgz",
        "percentile": "https://registry.npmjs.org/percentile/-/percentile-1.1.0.tgz",
        "pretty-ms": "https://registry.npmjs.org/pretty-ms/-/pretty-ms-2.1.0.tgz",
        "puml-link": "http://storage.mds.yandex.net/get-npm/66641/puml-link-0.0.1.tgz",
        "rangem": "https://registry.npmjs.org/rangem/-/rangem-1.0.2.tgz",
        "resolve": "http://storage.mds.yandex.net/get-npm/69187/resolve-1.1.7.tgz",
        "serve-favicon": "http://storage.mds.yandex.net/get-npm/45674/serve-favicon-2.3.0.tgz",
        "serve-static": "https://registry.npmjs.org/serve-static/-/serve-static-1.11.1.tgz",
        "stack-trace": "http://storage.mds.yandex.net/get-npm/35308/stack-trace-0.0.9.tgz",
        "vow": "http://storage.mds.yandex.net/get-npm/69187/vow-0.4.13.tgz",
        "vow-fs": "http://storage.mds.yandex.net/get-npm/66641/vow-fs-0.3.6.tgz",
        "vow-node": "http://storage.mds.yandex.net/get-npm/69187/vow-node-0.3.0.tgz",
        "worker-farm": "http://storage.mds.yandex.net/get-npm/66641/worker-farm-1.3.1.tgz"
      },
      "dependencies": {
        "vow": {
          "version": "http://storage.mds.yandex.net/get-npm/69187/vow-0.4.13.tgz",
          "integrity": "sha1-58FPG9nIvg5zWaRZf+LR720afog="
        }
      }
    },
    "enb-async-require": {
      "version": "http://storage.mds.yandex.net/get-npm/35308/enb-async-require-1.0.1.tgz",
      "integrity": "sha1-Xo0TJ0+l1IXo0l8Z8D3xs4+f078=",
      "requires": {
        "vow": "http://storage.mds.yandex.net/get-npm/69187/vow-0.4.16.tgz"
      }
    },
    "enb-require-or-eval": {
      "version": "http://storage.mds.yandex.net/get-npm/35308/enb-require-or-eval-1.0.2.tgz",
      "integrity": "sha1-zKf5hv5QPdQyu6Royhv94GrkvKA=",
      "requires": {
        "clear-require": "http://storage.mds.yandex.net/get-npm/35308/clear-require-1.0.1.tgz",
        "enb-async-require": "http://storage.mds.yandex.net/get-npm/35308/enb-async-require-1.0.1.tgz",
        "vow-fs": "http://storage.mds.yandex.net/get-npm/66641/vow-fs-0.3.6.tgz"
      }
    },
    "enb-source-map": {
      "version": "http://storage.mds.yandex.net/get-npm/69187/enb-source-map-1.9.0.tgz",
      "integrity": "sha1-KagqR0Q6tmEh13Mh3GNwsxxZLi8=",
      "requires": {
        "atob": "http://storage.mds.yandex.net/get-npm/69187/atob-2.0.0.tgz",
        "btoa": "http://storage.mds.yandex.net/get-npm/45674/btoa-1.1.2.tgz",
        "source-map": "http://storage.mds.yandex.net/get-npm/38095/source-map-0.5.3.tgz"
      }
    },
    "encodeurl": {
      "version": "http://storage.mds.yandex.net/get-npm/45674/encodeurl-1.0.1.tgz",
      "integrity": "sha1-eePVhlU0aQn+bw9Fpd5oEDspTSA="
    },
    "errno": {
      "version": "http://storage.mds.yandex.net/get-npm/66641/errno-0.1.4.tgz",
      "integrity": "sha1-uJbiOp5ei6M4cfyZar02NfyaHH0=",
      "requires": {
        "prr": "http://storage.mds.yandex.net/get-npm/45674/prr-0.0.0.tgz"
      }
    },
    "es6-promise": {
      "version": "4.1.1",
      "resolved": "https://registry.npmjs.org/es6-promise/-/es6-promise-4.1.1.tgz",
      "integrity": "sha512-OaU1hHjgJf+b0NzsxCg7NdIYERD6Hy/PEmFLTjw+b65scuisG3Kt4QoTvJ66BBkPZ581gr0kpoVzKnxniM8nng=="
    },
    "es6-promisify": {
      "version": "5.0.0",
      "resolved": "https://registry.npmjs.org/es6-promisify/-/es6-promisify-5.0.0.tgz",
      "integrity": "sha1-UQnWLz5W6pZ8S2NQWu8IKRyKUgM=",
      "requires": {
        "es6-promise": "4.1.1"
      }
    },
    "escape-html": {
      "version": "http://storage.mds.yandex.net/get-npm/35308/escape-html-1.0.3.tgz",
      "integrity": "sha1-Aljq5NPQwJdN4cFpGI7wBR0dGYg="
    },
    "escape-string-regexp": {
      "version": "http://storage.mds.yandex.net/get-npm/38095/escape-string-regexp-1.0.5.tgz",
      "integrity": "sha1-G2HAViGQqN/2rjuyzwIAyhMLhtQ="
    },
    "etag": {
      "version": "http://storage.mds.yandex.net/get-npm/45674/etag-1.7.0.tgz",
      "integrity": "sha1-A9MLX2fdbmMtKUXTDWZScxo01dg="
    },
    "extract-zip": {
      "version": "1.6.5",
      "resolved": "https://registry.npmjs.org/extract-zip/-/extract-zip-1.6.5.tgz",
      "integrity": "sha1-maBnNbbqIOqbcF13ms/8yHz/BEA=",
      "requires": {
        "concat-stream": "1.6.0",
        "debug": "http://storage.mds.yandex.net/get-npm/66641/debug-2.2.0.tgz",
        "mkdirp": "0.5.0",
        "yauzl": "2.4.1"
      }
    },
    "fd-slicer": {
      "version": "1.0.1",
      "resolved": "https://registry.npmjs.org/fd-slicer/-/fd-slicer-1.0.1.tgz",
      "integrity": "sha1-i1vL2ewyfFBBv5qwI/1nUPEXfmU=",
      "requires": {
        "pend": "1.2.0"
      }
    },
    "finalhandler": {
      "version": "https://registry.npmjs.org/finalhandler/-/finalhandler-0.5.0.tgz",
      "integrity": "sha1-6VCKvs6bbbqHGmlCodeRG5GRGsc=",
      "requires": {
        "debug": "http://storage.mds.yandex.net/get-npm/66641/debug-2.2.0.tgz",
        "escape-html": "http://storage.mds.yandex.net/get-npm/35308/escape-html-1.0.3.tgz",
        "on-finished": "http://storage.mds.yandex.net/get-npm/69187/on-finished-2.3.0.tgz",
        "statuses": "http://storage.mds.yandex.net/get-npm/66641/statuses-1.3.1.tgz",
        "unpipe": "http://storage.mds.yandex.net/get-npm/35308/unpipe-1.0.0.tgz"
      }
    },
    "fresh": {
      "version": "http://storage.mds.yandex.net/get-npm/35308/fresh-0.3.0.tgz",
      "integrity": "sha1-ZR+DjiJCTnVm3hYdg1jKoZn4PU8="
    },
    "fs.realpath": {
      "version": "http://storage.mds.yandex.net/get-npm/69187/fs.realpath-1.0.0.tgz",
      "integrity": "sha1-FQStJSMVjKpA20onh8sBQRmU6k8="
    },
    "get-func-name": {
      "version": "https://registry.npmjs.org/get-func-name/-/get-func-name-2.0.0.tgz",
      "integrity": "sha1-6td0q+5y4gQJQzoGY2YCPdaIekE=",
      "dev": true
    },
    "glob": {
      "version": "https://registry.npmjs.org/glob/-/glob-7.1.1.tgz",
      "integrity": "sha1-gFIR3wT6rxxjo2ADBs31reULLsg=",
      "requires": {
        "fs.realpath": "http://storage.mds.yandex.net/get-npm/69187/fs.realpath-1.0.0.tgz",
        "inflight": "http://storage.mds.yandex.net/get-npm/35308/inflight-1.0.6.tgz",
        "inherits": "http://storage.mds.yandex.net/get-npm/45674/inherits-2.0.3.tgz",
        "minimatch": "http://storage.mds.yandex.net/get-npm/66641/minimatch-3.0.4.tgz",
        "once": "http://storage.mds.yandex.net/get-npm/35308/once-1.4.0.tgz",
        "path-is-absolute": "http://storage.mds.yandex.net/get-npm/69187/path-is-absolute-1.0.1.tgz"
      }
    },
    "graceful-readlink": {
      "version": "http://storage.mds.yandex.net/get-npm/38095/graceful-readlink-1.0.1.tgz",
      "integrity": "sha1-TK+tdrxi8C+gObL5Tpo906ORpyU="
    },
    "growl": {
      "version": "https://registry.npmjs.org/growl/-/growl-1.9.2.tgz",
      "integrity": "sha1-Dqd0NxXbjY3ixe3hd14bRayFwC8=",
      "dev": true
    },
    "has-ansi": {
      "version": "http://storage.mds.yandex.net/get-npm/66641/has-ansi-2.0.0.tgz",
      "integrity": "sha1-NPUEnOHs3ysGSa8+8k5F7TVBbZE=",
      "requires": {
        "ansi-regex": "http://storage.mds.yandex.net/get-npm/66641/ansi-regex-2.1.1.tgz"
      }
    },
    "has-flag": {
      "version": "2.0.0",
      "resolved": "https://registry.npmjs.org/has-flag/-/has-flag-2.0.0.tgz",
      "integrity": "sha1-6CB68cx7MNRGzHC3NLXovhj4jVE="
    },
    "he": {
      "version": "https://registry.npmjs.org/he/-/he-1.1.1.tgz",
      "integrity": "sha1-k0EP0hsAlzUVH4howvJx80J+I/0=",
      "dev": true
    },
    "http-errors": {
      "version": "https://registry.npmjs.org/http-errors/-/http-errors-1.5.1.tgz",
      "integrity": "sha1-eIwNLB3iyBuebowBhDtrl+uSB1A=",
      "requires": {
        "inherits": "http://storage.mds.yandex.net/get-npm/45674/inherits-2.0.3.tgz",
        "setprototypeof": "https://registry.npmjs.org/setprototypeof/-/setprototypeof-1.0.2.tgz",
        "statuses": "http://storage.mds.yandex.net/get-npm/66641/statuses-1.3.1.tgz"
      }
    },
    "https-proxy-agent": {
      "version": "2.1.0",
      "resolved": "https://registry.npmjs.org/https-proxy-agent/-/https-proxy-agent-2.1.0.tgz",
      "integrity": "sha512-/DTVSUCbRc6AiyOV4DBRvPDpKKCJh4qQJNaCgypX0T41quD9hp/PB5iUyx/60XobuMPQa9ce1jNV9UOUq6PnTg==",
      "requires": {
        "agent-base": "4.1.1",
        "debug": "2.6.9"
      },
      "dependencies": {
        "debug": {
          "version": "2.6.9",
          "resolved": "https://registry.npmjs.org/debug/-/debug-2.6.9.tgz",
          "integrity": "sha512-bC7ElrdJaJnPbAP+1EotYvqZsb3ecl5wi6Bfi6BJTUcNowp6cvspg0jXznRTKDjm/E7AdgFBVeAPVMNcKGsHMA==",
          "requires": {
            "ms": "2.0.0"
          }
        },
        "ms": {
          "version": "2.0.0",
          "resolved": "https://registry.npmjs.org/ms/-/ms-2.0.0.tgz",
          "integrity": "sha1-VgiurfwAvmwpAd9fmGF4jeDVl8g="
        }
      }
    },
    "inflight": {
      "version": "http://storage.mds.yandex.net/get-npm/35308/inflight-1.0.6.tgz",
      "integrity": "sha1-Sb1jMdfQLQwJvJEKEHW6gWW1bfk=",
      "requires": {
        "once": "http://storage.mds.yandex.net/get-npm/35308/once-1.4.0.tgz",
        "wrappy": "http://storage.mds.yandex.net/get-npm/69187/wrappy-1.0.2.tgz"
      }
    },
    "inherit": {
      "version": "http://storage.mds.yandex.net/get-npm/45674/inherit-2.2.6.tgz",
      "integrity": "sha1-8WFLBshUToEo5CKchjR9tzrZeI0="
    },
    "inherits": {
      "version": "http://storage.mds.yandex.net/get-npm/45674/inherits-2.0.3.tgz",
      "integrity": "sha1-Yzwsg+PaQqUC9SRmAiSA9CCCYd4="
    },
    "is-finite": {
      "version": "http://storage.mds.yandex.net/get-npm/66641/is-finite-1.0.2.tgz",
      "integrity": "sha1-zGZ3aVYCvlUO8R6LSqYwU0K20Ko=",
      "requires": {
        "number-is-nan": "http://storage.mds.yandex.net/get-npm/69187/number-is-nan-1.0.1.tgz"
      }
    },
    "isarray": {
      "version": "1.0.0",
      "resolved": "https://registry.npmjs.org/isarray/-/isarray-1.0.0.tgz",
      "integrity": "sha1-u5NdSFgsuhaMBoNJV6VKPgcSTxE="
    },
    "json3": {
      "version": "https://registry.npmjs.org/json3/-/json3-3.3.2.tgz",
      "integrity": "sha1-PAQ0dD35Pi9cQq7nsZvLSDV19OE=",
      "dev": true
    },
    "lodash": {
      "version": "https://registry.npmjs.org/lodash/-/lodash-4.16.6.tgz",
      "integrity": "sha1-0iyaxmAojzhD4Wun0rXQbMon13c="
    },
    "lodash._baseassign": {
      "version": "https://registry.npmjs.org/lodash._baseassign/-/lodash._baseassign-3.2.0.tgz",
      "integrity": "sha1-jDigmVAPIVrQnlnxci/QxSv+Ck4=",
      "dev": true,
      "requires": {
        "lodash._basecopy": "http://storage.mds.yandex.net/get-npm/38095/lodash._basecopy-3.0.1.tgz",
        "lodash.keys": "http://storage.mds.yandex.net/get-npm/66641/lodash.keys-3.1.2.tgz"
      }
    },
    "lodash._basecopy": {
      "version": "http://storage.mds.yandex.net/get-npm/38095/lodash._basecopy-3.0.1.tgz",
      "integrity": "sha1-jaDmqHbPNEwK2KVIghEd08XHyjY=",
      "dev": true
    },
    "lodash._basecreate": {
      "version": "https://registry.npmjs.org/lodash._basecreate/-/lodash._basecreate-3.0.3.tgz",
      "integrity": "sha1-G8ZhYU2qf8MRt9A78WgGoCE8+CE=",
      "dev": true
    },
    "lodash._getnative": {
      "version": "http://storage.mds.yandex.net/get-npm/35308/lodash._getnative-3.9.1.tgz",
      "integrity": "sha1-VwvH3t5G1hzc3mh9ZdPuy6o6r/U=",
      "dev": true
    },
    "lodash._isiterateecall": {
      "version": "http://storage.mds.yandex.net/get-npm/35308/lodash._isiterateecall-3.0.9.tgz",
      "integrity": "sha1-UgOte6Ql+uhCRg5pbbnPPmqsBXw=",
      "dev": true
    },
    "lodash.create": {
      "version": "https://registry.npmjs.org/lodash.create/-/lodash.create-3.1.1.tgz",
      "integrity": "sha1-1/KEnw29p+BGgruM1yqwIkYd6+c=",
      "dev": true,
      "requires": {
        "lodash._baseassign": "https://registry.npmjs.org/lodash._baseassign/-/lodash._baseassign-3.2.0.tgz",
        "lodash._basecreate": "https://registry.npmjs.org/lodash._basecreate/-/lodash._basecreate-3.0.3.tgz",
        "lodash._isiterateecall": "http://storage.mds.yandex.net/get-npm/35308/lodash._isiterateecall-3.0.9.tgz"
      }
    },
    "lodash.isarguments": {
      "version": "http://storage.mds.yandex.net/get-npm/66641/lodash.isarguments-3.1.0.tgz",
      "integrity": "sha1-L1c9hcaiQon/AGY7SRwdM4/zRYo=",
      "dev": true
    },
    "lodash.isarray": {
      "version": "http://storage.mds.yandex.net/get-npm/35308/lodash.isarray-3.0.4.tgz",
      "integrity": "sha1-eeTriMNqgSKvhvhEqpvNhRtfu1U=",
      "dev": true
    },
    "lodash.keys": {
      "version": "http://storage.mds.yandex.net/get-npm/66641/lodash.keys-3.1.2.tgz",
      "integrity": "sha1-TbwEcrFWvlCgsoaFXRvQsMZWCYo=",
      "dev": true,
      "requires": {
        "lodash._getnative": "http://storage.mds.yandex.net/get-npm/35308/lodash._getnative-3.9.1.tgz",
        "lodash.isarguments": "http://storage.mds.yandex.net/get-npm/66641/lodash.isarguments-3.1.0.tgz",
        "lodash.isarray": "http://storage.mds.yandex.net/get-npm/35308/lodash.isarray-3.0.4.tgz"
      }
    },
    "mime": {
      "version": "http://storage.mds.yandex.net/get-npm/35308/mime-1.3.4.tgz",
      "integrity": "sha1-EV+eO2s9rylZmDyzjxSaLUDrXVM="
    },
    "minimatch": {
      "version": "http://storage.mds.yandex.net/get-npm/66641/minimatch-3.0.4.tgz",
      "integrity": "sha1-UWbihkV/AzBgZL5Ul+jbsMPTIIM=",
      "requires": {
        "brace-expansion": "http://storage.mds.yandex.net/get-npm/38095/brace-expansion-1.1.8.tgz"
      }
    },
    "minimist": {
      "version": "0.0.8",
      "resolved": "https://registry.npmjs.org/minimist/-/minimist-0.0.8.tgz",
      "integrity": "sha1-hX/Kv8M5fSYluCKCYuhqp6ARsF0="
    },
    "mkdirp": {
      "version": "0.5.0",
      "resolved": "https://registry.npmjs.org/mkdirp/-/mkdirp-0.5.0.tgz",
      "integrity": "sha1-HXMHam35hs2TROFecfzAWkyavxI=",
      "requires": {
        "minimist": "0.0.8"
      }
    },
    "mocha": {
      "version": "https://registry.npmjs.org/mocha/-/mocha-3.5.1.tgz",
      "integrity": "sha1-m20TrBzPlX7dFvLkOQVXNLG2A5E=",
      "dev": true,
      "requires": {
        "browser-stdout": "https://registry.npmjs.org/browser-stdout/-/browser-stdout-1.3.0.tgz",
        "commander": "http://storage.mds.yandex.net/get-npm/38095/commander-2.9.0.tgz",
        "debug": "http://storage.mds.yandex.net/get-npm/69187/debug-2.6.8.tgz",
        "diff": "https://registry.npmjs.org/diff/-/diff-3.2.0.tgz",
        "escape-string-regexp": "http://storage.mds.yandex.net/get-npm/38095/escape-string-regexp-1.0.5.tgz",
        "glob": "https://registry.npmjs.org/glob/-/glob-7.1.1.tgz",
        "growl": "https://registry.npmjs.org/growl/-/growl-1.9.2.tgz",
        "he": "https://registry.npmjs.org/he/-/he-1.1.1.tgz",
        "json3": "https://registry.npmjs.org/json3/-/json3-3.3.2.tgz",
        "lodash.create": "https://registry.npmjs.org/lodash.create/-/lodash.create-3.1.1.tgz",
        "mkdirp": "https://registry.npmjs.org/mkdirp/-/mkdirp-0.5.1.tgz",
        "supports-color": "https://registry.npmjs.org/supports-color/-/supports-color-3.1.2.tgz"
      },
      "dependencies": {
        "debug": {
          "version": "http://storage.mds.yandex.net/get-npm/69187/debug-2.6.8.tgz",
          "integrity": "sha1-5zFTHKLt4n0YgiJCfaF4IdaP9Pw=",
          "dev": true,
          "requires": {
            "ms": "http://storage.mds.yandex.net/get-npm/45674/ms-2.0.0.tgz"
          }
        },
        "has-flag": {
          "version": "http://storage.mds.yandex.net/get-npm/45674/has-flag-1.0.0.tgz",
          "integrity": "sha1-nZ55MWXOAXoA8AQYxD+UKnsdEfo=",
          "dev": true
        },
        "minimist": {
          "version": "https://registry.npmjs.org/minimist/-/minimist-0.0.8.tgz",
          "integrity": "sha1-hX/Kv8M5fSYluCKCYuhqp6ARsF0=",
          "dev": true
        },
        "mkdirp": {
          "version": "https://registry.npmjs.org/mkdirp/-/mkdirp-0.5.1.tgz",
          "integrity": "sha1-MAV0OOrGz3+MR2fzhkjWaX11yQM=",
          "dev": true,
          "requires": {
            "minimist": "https://registry.npmjs.org/minimist/-/minimist-0.0.8.tgz"
          }
        },
        "ms": {
          "version": "http://storage.mds.yandex.net/get-npm/45674/ms-2.0.0.tgz",
          "integrity": "sha1-VgiurfwAvmwpAd9fmGF4jeDVl8g=",
          "dev": true
        },
        "supports-color": {
          "version": "https://registry.npmjs.org/supports-color/-/supports-color-3.1.2.tgz",
          "integrity": "sha1-cqJiiU2dQIuVbKBf83su2KbiotU=",
          "dev": true,
          "requires": {
            "has-flag": "http://storage.mds.yandex.net/get-npm/45674/has-flag-1.0.0.tgz"
          }
        }
      }
    },
    "mocha-headless-chrome": {
      "version": "1.5.3",
      "resolved": "https://registry.npmjs.org/mocha-headless-chrome/-/mocha-headless-chrome-1.5.3.tgz",
      "integrity": "sha512-/w84nmS4yO6H1E/Zqt1Ea9hIFbjMwasdQVG5ljxhPyENvZA9Y80ovYyzz/18uPVi1OZBDYA00q26njQf5xiFHA==",
      "requires": {
        "args": "3.0.7",
        "puppeteer": "0.12.0"
      }
    },
    "mri": {
      "version": "1.1.0",
      "resolved": "https://registry.npmjs.org/mri/-/mri-1.1.0.tgz",
      "integrity": "sha1-XAo/KcjM/7ux7JQdzsCdcfoy82o="
    },
    "ms": {
      "version": "http://storage.mds.yandex.net/get-npm/45674/ms-0.7.1.tgz",
      "integrity": "sha1-nNE8A62/8ltl7/3nzoZO6VIBcJg="
    },
    "number-is-nan": {
      "version": "http://storage.mds.yandex.net/get-npm/69187/number-is-nan-1.0.1.tgz",
      "integrity": "sha1-CXtgK1NCKlIsGvuHkDGDNpQaAR0="
    },
    "on-finished": {
      "version": "http://storage.mds.yandex.net/get-npm/69187/on-finished-2.3.0.tgz",
      "integrity": "sha1-IPEzZIGwg811M3mSoWlxqi2QaUc=",
      "requires": {
        "ee-first": "http://storage.mds.yandex.net/get-npm/66641/ee-first-1.1.1.tgz"
      }
    },
    "once": {
      "version": "http://storage.mds.yandex.net/get-npm/35308/once-1.4.0.tgz",
      "integrity": "sha1-WDsap3WWHUsROsF9nFC6753Xa9E=",
      "requires": {
        "wrappy": "http://storage.mds.yandex.net/get-npm/69187/wrappy-1.0.2.tgz"
      }
    },
    "parse-ms": {
      "version": "https://registry.npmjs.org/parse-ms/-/parse-ms-1.0.1.tgz",
      "integrity": "sha1-VjRtR0nXjyNDDKDHE4UK75GqNh0="
    },
    "parseurl": {
      "version": "https://registry.npmjs.org/parseurl/-/parseurl-1.3.2.tgz",
      "integrity": "sha1-/CidTtiZMRlGDBViUyYs3I3mW/M="
    },
    "path-is-absolute": {
      "version": "http://storage.mds.yandex.net/get-npm/69187/path-is-absolute-1.0.1.tgz",
      "integrity": "sha1-F0uSaHNVNP+8es5r9TpanhtcX18="
    },
    "pathval": {
      "version": "https://registry.npmjs.org/pathval/-/pathval-1.1.0.tgz",
      "integrity": "sha1-uULm1L3mUwBe9rcTYd74cn0GReA=",
      "dev": true
    },
    "pend": {
      "version": "1.2.0",
      "resolved": "https://registry.npmjs.org/pend/-/pend-1.2.0.tgz",
      "integrity": "sha1-elfrVQpng/kRUzH89GY9XI4AelA="
    },
    "percentile": {
      "version": "https://registry.npmjs.org/percentile/-/percentile-1.1.0.tgz",
      "integrity": "sha1-AlPmX5ZiGrPru/2LxPhxXXDP8L8="
    },
    "pkginfo": {
      "version": "0.4.1",
      "resolved": "https://registry.npmjs.org/pkginfo/-/pkginfo-0.4.1.tgz",
      "integrity": "sha1-tUGO8EOd5UJfxJlQQtztFPsqhP8="
    },
    "plur": {
      "version": "https://registry.npmjs.org/plur/-/plur-1.0.0.tgz",
      "integrity": "sha1-24XGgU9eXlo7Se/CjWBP7GKXUVY="
    },
    "pretty-ms": {
      "version": "https://registry.npmjs.org/pretty-ms/-/pretty-ms-2.1.0.tgz",
      "integrity": "sha1-QlfCVt8/sLRR1q/6qwIYhBJpgdw=",
      "requires": {
        "is-finite": "http://storage.mds.yandex.net/get-npm/66641/is-finite-1.0.2.tgz",
        "parse-ms": "https://registry.npmjs.org/parse-ms/-/parse-ms-1.0.1.tgz",
        "plur": "https://registry.npmjs.org/plur/-/plur-1.0.0.tgz"
      }
    },
    "process-nextick-args": {
      "version": "1.0.7",
      "resolved": "https://registry.npmjs.org/process-nextick-args/-/process-nextick-args-1.0.7.tgz",
      "integrity": "sha1-FQ4gt1ZZCtP5EJPyWk8q2L/zC6M="
    },
    "progress": {
      "version": "2.0.0",
      "resolved": "https://registry.npmjs.org/progress/-/progress-2.0.0.tgz",
      "integrity": "sha1-ihvjZr+Pwj2yvSPxDG/pILQ4nR8="
    },
    "promise-queue": {
      "version": "https://registry.npmjs.org/promise-queue/-/promise-queue-2.2.3.tgz",
      "integrity": "sha1-hTTXa/RnPDuqOoK7oBvSlcww8U8="
    },
    "proxy-from-env": {
      "version": "1.0.0",
      "resolved": "https://registry.npmjs.org/proxy-from-env/-/proxy-from-env-1.0.0.tgz",
      "integrity": "sha1-M8UDmPcOp+uW0h97gXYwpVeRx+4="
    },
    "prr": {
      "version": "http://storage.mds.yandex.net/get-npm/45674/prr-0.0.0.tgz",
      "integrity": "sha1-GoS4WQgyVQFBGFPQCB7j+obikmo="
    },
    "puml-link": {
      "version": "http://storage.mds.yandex.net/get-npm/66641/puml-link-0.0.1.tgz",
      "integrity": "sha1-SSzUBo/Qw4zV6tPRSIUtTlay9Mc="
    },
    "puppeteer": {
      "version": "0.12.0",
      "resolved": "https://registry.npmjs.org/puppeteer/-/puppeteer-0.12.0.tgz",
      "integrity": "sha512-H/bylN7FccwbN7JZoSP+xRozxgJEDNy4uC4p727cyttKUVNXYjFuEMueJYHW0pblnrfLEH341SyFJVWhJMLxKQ==",
      "requires": {
        "debug": "2.6.9",
        "extract-zip": "1.6.5",
        "https-proxy-agent": "2.1.0",
        "mime": "http://storage.mds.yandex.net/get-npm/35308/mime-1.3.4.tgz",
        "progress": "2.0.0",
        "proxy-from-env": "1.0.0",
        "rimraf": "2.6.2",
        "ws": "3.2.0"
      },
      "dependencies": {
        "debug": {
          "version": "2.6.9",
          "resolved": "https://registry.npmjs.org/debug/-/debug-2.6.9.tgz",
          "integrity": "sha512-bC7ElrdJaJnPbAP+1EotYvqZsb3ecl5wi6Bfi6BJTUcNowp6cvspg0jXznRTKDjm/E7AdgFBVeAPVMNcKGsHMA==",
          "requires": {
            "ms": "2.0.0"
          }
        },
        "ms": {
          "version": "2.0.0",
          "resolved": "https://registry.npmjs.org/ms/-/ms-2.0.0.tgz",
          "integrity": "sha1-VgiurfwAvmwpAd9fmGF4jeDVl8g="
        }
      }
    },
    "range-parser": {
      "version": "http://storage.mds.yandex.net/get-npm/45674/range-parser-1.2.0.tgz",
      "integrity": "sha1-9JvmtIeJTdxA3MlKMi9hEJLgDV4="
    },
    "rangem": {
      "version": "https://registry.npmjs.org/rangem/-/rangem-1.0.2.tgz",
      "integrity": "sha1-qfXYu/59qAvSW+jDoa64cdld5w8="
    },
    "readable-stream": {
      "version": "2.3.3",
      "resolved": "https://registry.npmjs.org/readable-stream/-/readable-stream-2.3.3.tgz",
      "integrity": "sha512-m+qzzcn7KUxEmd1gMbchF+Y2eIUbieUaxkWtptyHywrX0rE8QEYqPC07Vuy4Wm32/xE16NcdBctb8S0Xe/5IeQ==",
      "requires": {
        "core-util-is": "1.0.2",
        "inherits": "http://storage.mds.yandex.net/get-npm/45674/inherits-2.0.3.tgz",
        "isarray": "1.0.0",
        "process-nextick-args": "1.0.7",
        "safe-buffer": "5.1.1",
        "string_decoder": "1.0.3",
        "util-deprecate": "1.0.2"
      }
    },
    "resolve": {
      "version": "http://storage.mds.yandex.net/get-npm/69187/resolve-1.1.7.tgz",
      "integrity": "sha1-IDEU2CrSxe2ejgQRs5ModeiJ6Xs="
    },
    "resolve-from": {
      "version": "http://storage.mds.yandex.net/get-npm/66641/resolve-from-1.0.1.tgz",
      "integrity": "sha1-Jsv+k10a7uq7Kbw/5a6wHpPUQiY="
    },
    "rimraf": {
      "version": "2.6.2",
      "resolved": "https://registry.npmjs.org/rimraf/-/rimraf-2.6.2.tgz",
      "integrity": "sha512-lreewLK/BlghmxtfH36YYVg1i8IAce4TI7oao75I1g245+6BctqTVQiBP3YUJ9C6DQOXJmkYR9X9fCLtCOJc5w==",
      "requires": {
        "glob": "https://registry.npmjs.org/glob/-/glob-7.1.1.tgz"
      }
    },
    "safe-buffer": {
      "version": "5.1.1",
      "resolved": "https://registry.npmjs.org/safe-buffer/-/safe-buffer-5.1.1.tgz",
      "integrity": "sha512-kKvNJn6Mm93gAczWVJg7wH+wGYWNrDHdWvpUmHyEsgCtIwwo3bqPtV4tR5tuPaUhTOo/kvhVwd8XwwOllGYkbg=="
    },
    "send": {
      "version": "https://registry.npmjs.org/send/-/send-0.14.1.tgz",
      "integrity": "sha1-qVSYQyU5L1FTKndgdg5FlZjIn3o=",
      "requires": {
        "debug": "http://storage.mds.yandex.net/get-npm/66641/debug-2.2.0.tgz",
        "depd": "http://storage.mds.yandex.net/get-npm/66641/depd-1.1.1.tgz",
        "destroy": "http://storage.mds.yandex.net/get-npm/35308/destroy-1.0.4.tgz",
        "encodeurl": "http://storage.mds.yandex.net/get-npm/45674/encodeurl-1.0.1.tgz",
        "escape-html": "http://storage.mds.yandex.net/get-npm/35308/escape-html-1.0.3.tgz",
        "etag": "http://storage.mds.yandex.net/get-npm/45674/etag-1.7.0.tgz",
        "fresh": "http://storage.mds.yandex.net/get-npm/35308/fresh-0.3.0.tgz",
        "http-errors": "https://registry.npmjs.org/http-errors/-/http-errors-1.5.1.tgz",
        "mime": "http://storage.mds.yandex.net/get-npm/35308/mime-1.3.4.tgz",
        "ms": "http://storage.mds.yandex.net/get-npm/45674/ms-0.7.1.tgz",
        "on-finished": "http://storage.mds.yandex.net/get-npm/69187/on-finished-2.3.0.tgz",
        "range-parser": "http://storage.mds.yandex.net/get-npm/45674/range-parser-1.2.0.tgz",
        "statuses": "http://storage.mds.yandex.net/get-npm/66641/statuses-1.3.1.tgz"
      }
    },
    "serve-favicon": {
      "version": "http://storage.mds.yandex.net/get-npm/45674/serve-favicon-2.3.0.tgz",
      "integrity": "sha1-rtNsxoNAaabxicxyIsahqBHcWzk=",
      "requires": {
        "etag": "http://storage.mds.yandex.net/get-npm/45674/etag-1.7.0.tgz",
        "fresh": "http://storage.mds.yandex.net/get-npm/35308/fresh-0.3.0.tgz",
        "ms": "http://storage.mds.yandex.net/get-npm/45674/ms-0.7.1.tgz",
        "parseurl": "https://registry.npmjs.org/parseurl/-/parseurl-1.3.2.tgz"
      }
    },
    "serve-static": {
      "version": "https://registry.npmjs.org/serve-static/-/serve-static-1.11.1.tgz",
      "integrity": "sha1-1sznaTUF9zPHWd5Xvvwa92wPCAU=",
      "requires": {
        "encodeurl": "http://storage.mds.yandex.net/get-npm/45674/encodeurl-1.0.1.tgz",
        "escape-html": "http://storage.mds.yandex.net/get-npm/35308/escape-html-1.0.3.tgz",
        "parseurl": "https://registry.npmjs.org/parseurl/-/parseurl-1.3.2.tgz",
        "send": "https://registry.npmjs.org/send/-/send-0.14.1.tgz"
      }
    },
    "setprototypeof": {
      "version": "https://registry.npmjs.org/setprototypeof/-/setprototypeof-1.0.2.tgz",
      "integrity": "sha1-gaVSFB7BBLiOic44MQOtXGZWTQg="
    },
    "source-map": {
      "version": "http://storage.mds.yandex.net/get-npm/38095/source-map-0.5.3.tgz",
      "integrity": "sha1-gmdLhacbC+dsPnQW0V6fUlLrO+A="
    },
    "stack-trace": {
      "version": "http://storage.mds.yandex.net/get-npm/35308/stack-trace-0.0.9.tgz",
      "integrity": "sha1-qPbq7KkGdMMz58Q5U/J1tFFRBpU="
    },
    "statuses": {
      "version": "http://storage.mds.yandex.net/get-npm/66641/statuses-1.3.1.tgz",
      "integrity": "sha1-+vUbnrdKrvOzrPStX2Gr8ky3uT4="
    },
    "string_decoder": {
      "version": "1.0.3",
      "resolved": "https://registry.npmjs.org/string_decoder/-/string_decoder-1.0.3.tgz",
      "integrity": "sha512-4AH6Z5fzNNBcH+6XDMfA/BTt87skxqJlO0lAh3Dker5zThcAxG6mKz+iGu308UKoPPQ8Dcqx/4JhujzltRa+hQ==",
      "requires": {
        "safe-buffer": "5.1.1"
      }
    },
    "string-similarity": {
      "version": "1.2.0",
      "resolved": "https://registry.npmjs.org/string-similarity/-/string-similarity-1.2.0.tgz",
      "integrity": "sha1-11FTyzg4RjGLejmo2SkrtNtOnDA=",
      "requires": {
        "lodash": "https://registry.npmjs.org/lodash/-/lodash-4.16.6.tgz"
      }
    },
    "strip-ansi": {
      "version": "http://storage.mds.yandex.net/get-npm/38095/strip-ansi-3.0.1.tgz",
      "integrity": "sha1-ajhfuIU9lS1f8F0Oiq+UJ43GPc8=",
      "requires": {
        "ansi-regex": "http://storage.mds.yandex.net/get-npm/66641/ansi-regex-2.1.1.tgz"
      }
    },
    "supports-color": {
      "version": "http://storage.mds.yandex.net/get-npm/69187/supports-color-2.0.0.tgz",
      "integrity": "sha1-U10EXOa2Nj+kARcIRimZXp3zJMc="
    },
    "type-detect": {
      "version": "http://storage.mds.yandex.net/get-npm/69187/type-detect-4.0.3.tgz",
      "integrity": "sha1-Dj8mcLRAmbC0bChNE2p+9Jx0wuo=",
      "dev": true
    },
    "typedarray": {
      "version": "0.0.6",
      "resolved": "https://registry.npmjs.org/typedarray/-/typedarray-0.0.6.tgz",
      "integrity": "sha1-hnrHTjhkGHsdPUfZlqeOxciDB3c="
    },
    "ultron": {
      "version": "1.1.0",
      "resolved": "https://registry.npmjs.org/ultron/-/ultron-1.1.0.tgz",
      "integrity": "sha1-sHoualQagV/Go0zNRTO67DB8qGQ="
    },
    "unpipe": {
      "version": "http://storage.mds.yandex.net/get-npm/35308/unpipe-1.0.0.tgz",
      "integrity": "sha1-sr9O6FFKrmFltIF4KdIbLvSZBOw="
    },
    "util-deprecate": {
      "version": "1.0.2",
      "resolved": "https://registry.npmjs.org/util-deprecate/-/util-deprecate-1.0.2.tgz",
      "integrity": "sha1-RQ1Nyfpw3nMnYvvS1KKJgUGaDM8="
    },
    "utils-merge": {
      "version": "http://storage.mds.yandex.net/get-npm/35308/utils-merge-1.0.0.tgz",
      "integrity": "sha1-ApT7kiu5N1FTVBxPcJYjHyh8ivg="
    },
    "uuid": {
      "version": "http://storage.mds.yandex.net/get-npm/38095/uuid-2.0.3.tgz",
      "integrity": "sha1-Z+LoY3lyFVMN/zGOW/nc6/1Hsho="
    },
    "vow": {
      "version": "http://storage.mds.yandex.net/get-npm/69187/vow-0.4.16.tgz",
      "integrity": "sha1-u51U2TjV+AUg1linQOeoleMP7us="
    },
    "vow-fs": {
      "version": "http://storage.mds.yandex.net/get-npm/66641/vow-fs-0.3.6.tgz",
      "integrity": "sha1-LUxZviLivyYY3fWXq0uqkjvnIA0=",
      "requires": {
        "glob": "https://registry.npmjs.org/glob/-/glob-7.1.1.tgz",
        "uuid": "http://storage.mds.yandex.net/get-npm/38095/uuid-2.0.3.tgz",
        "vow": "http://storage.mds.yandex.net/get-npm/69187/vow-0.4.16.tgz",
        "vow-queue": "http://storage.mds.yandex.net/get-npm/35308/vow-queue-0.4.2.tgz"
      }
    },
    "vow-node": {
      "version": "http://storage.mds.yandex.net/get-npm/69187/vow-node-0.3.0.tgz",
      "integrity": "sha1-ur+HzYIJk191wFDGprapNC4pPV8="
    },
    "vow-queue": {
      "version": "http://storage.mds.yandex.net/get-npm/35308/vow-queue-0.4.2.tgz",
      "integrity": "sha1-5/4XFg4Vx8QYTRtmapvGThjjAYQ=",
      "requires": {
        "vow": "http://storage.mds.yandex.net/get-npm/69187/vow-0.4.16.tgz"
      }
    },
    "worker-farm": {
      "version": "http://storage.mds.yandex.net/get-npm/66641/worker-farm-1.3.1.tgz",
      "integrity": "sha1-QzMRK7SbF6oFC4eJXKayys9A5f8=",
      "requires": {
        "errno": "http://storage.mds.yandex.net/get-npm/66641/errno-0.1.4.tgz",
        "xtend": "http://storage.mds.yandex.net/get-npm/35308/xtend-4.0.1.tgz"
      }
    },
    "wrappy": {
      "version": "http://storage.mds.yandex.net/get-npm/69187/wrappy-1.0.2.tgz",
      "integrity": "sha1-tSQ9jz7BqjXxNkYFvA0QNuMKtp8="
    },
    "ws": {
      "version": "3.2.0",
      "resolved": "https://registry.npmjs.org/ws/-/ws-3.2.0.tgz",
      "integrity": "sha512-hTS3mkXm/j85jTQOIcwVz3yK3up9xHgPtgEhDBOH3G18LDOZmSAG1omJeXejLKJakx+okv8vS1sopgs7rw0kVw==",
      "requires": {
        "async-limiter": "1.0.0",
        "safe-buffer": "5.1.1",
        "ultron": "1.1.0"
      }
    },
    "xtend": {
      "version": "http://storage.mds.yandex.net/get-npm/35308/xtend-4.0.1.tgz",
      "integrity": "sha1-pcbVMr5lbiPbgg77lDofBJmNY68="
    },
    "yauzl": {
      "version": "2.4.1",
      "resolved": "https://registry.npmjs.org/yauzl/-/yauzl-2.4.1.tgz",
      "integrity": "sha1-lSj0QtqxsihOWLQ3m7GU4i4MQAU=",
      "requires": {
        "fd-slicer": "1.0.1"
      }
    }
  }
}
